<?xml version="1.0" encoding="utf-8"?>
<Project ToolsVersion="4.0" xmlns="http://schemas.microsoft.com/developer/msbuild/2003">
  <ItemGroup>
    <Filter Include="Source Files">
      <UniqueIdentifier>{4FC737F1-C7A5-4376-A066-2A32D752A2FF}</UniqueIdentifier>
      <Extensions>cpp;c;cc;cxx;def;odl;idl;hpj;bat;asm;asmx</Extensions>
    </Filter>
    <Filter Include="Header Files">
      <UniqueIdentifier>{93995380-89BD-4b04-88EB-625FBE52EBFB}</UniqueIdentifier>
      <Extensions>h;hh;hpp;hxx;hm;inl;inc;ipp;xsd</Extensions>
    </Filter>
    <Filter Include="Resource Files">
      <UniqueIdentifier>{67DA6AB6-F800-4c08-8B7A-83BB121AAD01}</UniqueIdentifier>
      <Extensions>rc;ico;cur;bmp;dlg;rc2;rct;bin;rgs;gif;jpg;jpeg;jpe;resx;tiff;tif;png;wav;mfcribbon-ms</Extensions>
    </Filter>
    <Filter Include="Framework">
      <UniqueIdentifier>{eed16ca9-816f-4b01-b7e1-03df983d9dd2}</UniqueIdentifier>
    </Filter>
    <Filter Include="Framework\Components">
      <UniqueIdentifier>{3eec6934-8ec3-4b0b-b53e-3b72487c7d9e}</UniqueIdentifier>
    </Filter>
    <Filter Include="Framework\Controllers">
      <UniqueIdentifier>{0734a11b-30bd-40c9-a2ca-12dfabe8f186}</UniqueIdentifier>
    </Filter>
    <Filter Include="Framework\Scenes">
      <UniqueIdentifier>{e0c66414-d333-4fbe-9fb8-5f3169dea2ff}</UniqueIdentifier>
    </Filter>
    <Filter Include="Debug">
      <UniqueIdentifier>{3e439d8d-9cc5-482c-a661-9a2c396d6ea8}</UniqueIdentifier>
    </Filter>
  </ItemGroup>
  <ItemGroup>
    <ClInclude Include="Game.h">
      <Filter>Framework\Components</Filter>
    </ClInclude>
    <ClInclude Include="GameGlobal.h">
      <Filter>Framework\Components</Filter>
    </ClInclude>
    <ClInclude Include="GameTime.h">
      <Filter>Framework\Components</Filter>
    </ClInclude>
    <ClInclude Include="Sprite.h">
      <Filter>Framework\Components</Filter>
    </ClInclude>
    <ClInclude Include="SceneManager.h">
      <Filter>Framework\Controllers</Filter>
    </ClInclude>
    <ClInclude Include="SceneDemo.h">
      <Filter>Framework\Scenes</Filter>
    </ClInclude>
    <ClInclude Include="Animation.h">
      <Filter>Framework\Components</Filter>
    </ClInclude>
    <ClInclude Include="Scene.h">
      <Filter>Framework\Components</Filter>
    </ClInclude>
    <ClInclude Include="Debug.h">
      <Filter>Debug</Filter>
    </ClInclude>
  </ItemGroup>
  <ItemGroup>
    <ClCompile Include="Game.cpp">
      <Filter>Framework\Components</Filter>
    </ClCompile>
    <ClCompile Include="GameGlobal.cpp">
      <Filter>Framework\Components</Filter>
    </ClCompile>
    <ClCompile Include="GameTime.cpp">
      <Filter>Framework\Components</Filter>
    </ClCompile>
    <ClCompile Include="main.cpp">
      <Filter>Source Files</Filter>
    </ClCompile>
    <ClCompile Include="Sprite.cpp">
      <Filter>Framework\Components</Filter>
    </ClCompile>
    <ClCompile Include="SceneManager.cpp">
      <Filter>Framework\Controllers</Filter>
    </ClCompile>
    <ClCompile Include="SceneDemo.cpp">
      <Filter>Framework\Scenes</Filter>
    </ClCompile>
    <ClCompile Include="Animation.cpp">
      <Filter>Framework\Components</Filter>
    </ClCompile>
    <ClCompile Include="Scene.cpp">
      <Filter>Framework\Components</Filter>
    </ClCompile>
    <ClCompile Include="Debug.cpp">
      <Filter>Debug</Filter>
    </ClCompile>
  </ItemGroup>
</Project>